
Microsoft Visual Studio Solution File, Format Version 12.00
# Visual Studio Version 17
VisualStudioVersion = 17.11.35303.130
MinimumVisualStudioVersion = 10.0.40219.1
Project("{9A19103F-16F7-4668-BE54-9A1E7A4F7556}") = "primaApp", "primaApp\primaApp.csproj", "{1378458C-4955-46BE-B44A-3B59CF14C849}"
EndProject
Project("{9A19103F-16F7-4668-BE54-9A1E7A4F7556}") = "secondaApp", "secondaApp\secondaApp.csproj", "{86CBB712-D068-46EC-9FB7-76EBB120D795}"
EndProject
Project("{FAE04EC0-301F-11D3-BF4B-00C04F79EFBC}") = "terzaApp", "terzaApp\terzaApp.csproj", "{922B872D-3986-4938-90A4-CAB276229823}"
EndProject
Global
	GlobalSection(SolutionConfigurationPlatforms) = preSolution
		Debug|Any CPU = Debug|Any CPU
		Release|Any CPU = Release|Any CPU
	EndGlobalSection
	GlobalSection(ProjectConfigurationPlatforms) = postSolution
		{1378458C-4955-46BE-B44A-3B59CF14C849}.Debug|Any CPU.ActiveCfg = Debug|Any CPU
		{1378458C-4955-46BE-B44A-3B59CF14C849}.Debug|Any CPU.Build.0 = Debug|Any CPU
		{1378458C-4955-46BE-B44A-3B59CF14C849}.Release|Any CPU.ActiveCfg = Release|Any CPU
		{1378458C-4955-46BE-B44A-3B59CF14C849}.Release|Any CPU.Build.0 = Release|Any CPU
		{86CBB712-D068-46EC-9FB7-76EBB120D795}.Debug|Any CPU.ActiveCfg = Debug|Any CPU
		{86CBB712-D068-46EC-9FB7-76EBB120D795}.Debug|Any CPU.Build.0 = Debug|Any CPU
		{86CBB712-D068-46EC-9FB7-76EBB120D795}.Release|Any CPU.ActiveCfg = Release|Any CPU
		{86CBB712-D068-46EC-9FB7-76EBB120D795}.Release|Any CPU.Build.0 = Release|Any CPU
		{922B872D-3986-4938-90A4-CAB276229823}.Debug|Any CPU.ActiveCfg = Debug|Any CPU
		{922B872D-3986-4938-90A4-CAB276229823}.Debug|Any CPU.Build.0 = Debug|Any CPU
		{922B872D-3986-4938-90A4-CAB276229823}.Release|Any CPU.ActiveCfg = Release|Any CPU
		{922B872D-3986-4938-90A4-CAB276229823}.Release|Any CPU.Build.0 = Release|Any CPU
	EndGlobalSection
	GlobalSection(SolutionProperties) = preSolution
		HideSolutionNode = FALSE
	EndGlobalSection
	GlobalSection(ExtensibilityGlobals) = postSolution
		SolutionGuid = {D26812C2-E5D0-405D-A6B5-F2A5D4F73EE3}
	EndGlobalSection
EndGlobal
